
Microsoft Visual Studio Solution File, Format Version 12.00
# Visual Studio Version 17
VisualStudioVersion = 17.3.32929.385
MinimumVisualStudioVersion = 10.0.40219.1
Project("{C7167F0D-BC9F-4E6E-AFE1-012C56B48DB5}") = "ArduinoClient (Package)", "ArduinoClient (Package)\ArduinoClient (Package).wapproj", "{A61C28EA-D999-4A71-9595-E299C4D4C106}"
EndProject
Project("{9A19103F-16F7-4668-BE54-9A1E7A4F7556}") = "ArduinoClient", "ArduinoClient\ArduinoClient.csproj", "{8A1885BD-B363-4702-A3F1-76597825FC68}"
EndProject
Project("{2150E333-8FDC-42A3-9474-1A3956D46DE8}") = "ArdionoScripts", "ArdionoScripts", "{A399ADCD-A474-483B-93D5-3AE368FC5F6D}"
	ProjectSection(SolutionItems) = preProject
		..\..\..\..\Документы\Arduino\sketch_jan04a\sketch_jan04a.ino = ..\..\..\..\Документы\Arduino\sketch_jan04a\sketch_jan04a.ino
	EndProjectSection
EndProject
Global
	GlobalSection(SolutionConfigurationPlatforms) = preSolution
		Debug|ARM64 = Debug|ARM64
		Debug|x64 = Debug|x64
		Debug|x86 = Debug|x86
		Release|ARM64 = Release|ARM64
		Release|x64 = Release|x64
		Release|x86 = Release|x86
	EndGlobalSection
	GlobalSection(ProjectConfigurationPlatforms) = postSolution
		{A61C28EA-D999-4A71-9595-E299C4D4C106}.Debug|ARM64.ActiveCfg = Debug|ARM64
		{A61C28EA-D999-4A71-9595-E299C4D4C106}.Debug|ARM64.Build.0 = Debug|ARM64
		{A61C28EA-D999-4A71-9595-E299C4D4C106}.Debug|ARM64.Deploy.0 = Debug|ARM64
		{A61C28EA-D999-4A71-9595-E299C4D4C106}.Debug|x64.ActiveCfg = Debug|x64
		{A61C28EA-D999-4A71-9595-E299C4D4C106}.Debug|x64.Build.0 = Debug|x64
		{A61C28EA-D999-4A71-9595-E299C4D4C106}.Debug|x64.Deploy.0 = Debug|x64
		{A61C28EA-D999-4A71-9595-E299C4D4C106}.Debug|x86.ActiveCfg = Debug|x86
		{A61C28EA-D999-4A71-9595-E299C4D4C106}.Debug|x86.Build.0 = Debug|x86
		{A61C28EA-D999-4A71-9595-E299C4D4C106}.Debug|x86.Deploy.0 = Debug|x86
		{A61C28EA-D999-4A71-9595-E299C4D4C106}.Release|ARM64.ActiveCfg = Release|ARM64
		{A61C28EA-D999-4A71-9595-E299C4D4C106}.Release|ARM64.Build.0 = Release|ARM64
		{A61C28EA-D999-4A71-9595-E299C4D4C106}.Release|ARM64.Deploy.0 = Release|ARM64
		{A61C28EA-D999-4A71-9595-E299C4D4C106}.Release|x64.ActiveCfg = Release|x64
		{A61C28EA-D999-4A71-9595-E299C4D4C106}.Release|x64.Build.0 = Release|x64
		{A61C28EA-D999-4A71-9595-E299C4D4C106}.Release|x64.Deploy.0 = Release|x64
		{A61C28EA-D999-4A71-9595-E299C4D4C106}.Release|x86.ActiveCfg = Release|x86
		{A61C28EA-D999-4A71-9595-E299C4D4C106}.Release|x86.Build.0 = Release|x86
		{A61C28EA-D999-4A71-9595-E299C4D4C106}.Release|x86.Deploy.0 = Release|x86
		{8A1885BD-B363-4702-A3F1-76597825FC68}.Debug|ARM64.ActiveCfg = Debug|ARM64
		{8A1885BD-B363-4702-A3F1-76597825FC68}.Debug|ARM64.Build.0 = Debug|ARM64
		{8A1885BD-B363-4702-A3F1-76597825FC68}.Debug|x64.ActiveCfg = Debug|x64
		{8A1885BD-B363-4702-A3F1-76597825FC68}.Debug|x64.Build.0 = Debug|x64
		{8A1885BD-B363-4702-A3F1-76597825FC68}.Debug|x86.ActiveCfg = Debug|x86
		{8A1885BD-B363-4702-A3F1-76597825FC68}.Debug|x86.Build.0 = Debug|x86
		{8A1885BD-B363-4702-A3F1-76597825FC68}.Release|ARM64.ActiveCfg = Release|ARM64
		{8A1885BD-B363-4702-A3F1-76597825FC68}.Release|ARM64.Build.0 = Release|ARM64
		{8A1885BD-B363-4702-A3F1-76597825FC68}.Release|x64.ActiveCfg = Release|x64
		{8A1885BD-B363-4702-A3F1-76597825FC68}.Release|x64.Build.0 = Release|x64
		{8A1885BD-B363-4702-A3F1-76597825FC68}.Release|x86.ActiveCfg = Release|x86
		{8A1885BD-B363-4702-A3F1-76597825FC68}.Release|x86.Build.0 = Release|x86
	EndGlobalSection
	GlobalSection(SolutionProperties) = preSolution
		HideSolutionNode = FALSE
	EndGlobalSection
	GlobalSection(ExtensibilityGlobals) = postSolution
		SolutionGuid = {BB60AAF2-A6DD-43E8-82B3-8301DA3BF46B}
	EndGlobalSection
EndGlobal
